
Microsoft Visual Studio Solution File, Format Version 12.00
# Visual Studio Version 17
VisualStudioVersion = 17.2.32630.192
MinimumVisualStudioVersion = 10.0.40219.1
Project("{9A19103F-16F7-4668-BE54-9A1E7A4F7556}") = "WpfDemo", "WpfDemo\WpfDemo.csproj", "{5EB5F665-34F6-40DC-A554-34B722E64842}"
EndProject
Project("{9A19103F-16F7-4668-BE54-9A1E7A4F7556}") = "WpfListBox", "WpfListBox\WpfListBox.csproj", "{FD21AB16-6908-486F-96CA-AC4929D76749}"
EndProject
Project("{9A19103F-16F7-4668-BE54-9A1E7A4F7556}") = "WPFListBoxByMVVM", "WPFListBoxByMVVM\WPFListBoxByMVVM.csproj", "{06C6B523-E17F-4E9C-8A55-850442BA3A5D}"
EndProject
Project("{9A19103F-16F7-4668-BE54-9A1E7A4F7556}") = "WpfComboBox", "WpfComboBox\WpfComboBox.csproj", "{99273992-BCCD-43C5-AD20-F058B769B383}"
EndProject
Project("{9A19103F-16F7-4668-BE54-9A1E7A4F7556}") = "WpfComboBoxMVVM", "WpfComboBoxMVVM\WpfComboBoxMVVM.csproj", "{4F40CA1F-2B5D-43A3-8F50-17DEA57A1D71}"
EndProject
Project("{9A19103F-16F7-4668-BE54-9A1E7A4F7556}") = "BankMVVM", "BankMVVM\BankMVVM.csproj", "{9305F5F3-4C28-40EE-9632-73D97F473FAB}"
EndProject
Project("{9A19103F-16F7-4668-BE54-9A1E7A4F7556}") = "SupplierMVVM", "SupplierMVVM\SupplierMVVM.csproj", "{4ECE0F56-A0B2-4A46-B2C6-219B2C94D756}"
EndProject
Project("{9A19103F-16F7-4668-BE54-9A1E7A4F7556}") = "ProductMVVM", "ProductMVVM\ProductMVVM.csproj", "{FFD0DF92-DBA0-4697-8716-119775F47E8D}"
EndProject
Project("{2150E333-8FDC-42A3-9474-1A3956D46DE8}") = "Cascading Ecample", "Cascading Ecample", "{181B39D3-828F-4A7B-A31A-5F13CFC1EE1B}"
EndProject
Project("{FAE04EC0-301F-11D3-BF4B-00C04F79EFBC}") = "CascadingProducts", "Products\CascadingProducts.csproj", "{CF49A879-0E17-451A-B1BB-D3314099A71E}"
EndProject
Global
	GlobalSection(SolutionConfigurationPlatforms) = preSolution
		Debug|Any CPU = Debug|Any CPU
		Release|Any CPU = Release|Any CPU
	EndGlobalSection
	GlobalSection(ProjectConfigurationPlatforms) = postSolution
		{5EB5F665-34F6-40DC-A554-34B722E64842}.Debug|Any CPU.ActiveCfg = Debug|Any CPU
		{5EB5F665-34F6-40DC-A554-34B722E64842}.Debug|Any CPU.Build.0 = Debug|Any CPU
		{5EB5F665-34F6-40DC-A554-34B722E64842}.Release|Any CPU.ActiveCfg = Release|Any CPU
		{5EB5F665-34F6-40DC-A554-34B722E64842}.Release|Any CPU.Build.0 = Release|Any CPU
		{FD21AB16-6908-486F-96CA-AC4929D76749}.Debug|Any CPU.ActiveCfg = Debug|Any CPU
		{FD21AB16-6908-486F-96CA-AC4929D76749}.Debug|Any CPU.Build.0 = Debug|Any CPU
		{FD21AB16-6908-486F-96CA-AC4929D76749}.Release|Any CPU.ActiveCfg = Release|Any CPU
		{FD21AB16-6908-486F-96CA-AC4929D76749}.Release|Any CPU.Build.0 = Release|Any CPU
		{06C6B523-E17F-4E9C-8A55-850442BA3A5D}.Debug|Any CPU.ActiveCfg = Debug|Any CPU
		{06C6B523-E17F-4E9C-8A55-850442BA3A5D}.Debug|Any CPU.Build.0 = Debug|Any CPU
		{06C6B523-E17F-4E9C-8A55-850442BA3A5D}.Release|Any CPU.ActiveCfg = Release|Any CPU
		{06C6B523-E17F-4E9C-8A55-850442BA3A5D}.Release|Any CPU.Build.0 = Release|Any CPU
		{99273992-BCCD-43C5-AD20-F058B769B383}.Debug|Any CPU.ActiveCfg = Debug|Any CPU
		{99273992-BCCD-43C5-AD20-F058B769B383}.Debug|Any CPU.Build.0 = Debug|Any CPU
		{99273992-BCCD-43C5-AD20-F058B769B383}.Release|Any CPU.ActiveCfg = Release|Any CPU
		{99273992-BCCD-43C5-AD20-F058B769B383}.Release|Any CPU.Build.0 = Release|Any CPU
		{4F40CA1F-2B5D-43A3-8F50-17DEA57A1D71}.Debug|Any CPU.ActiveCfg = Debug|Any CPU
		{4F40CA1F-2B5D-43A3-8F50-17DEA57A1D71}.Debug|Any CPU.Build.0 = Debug|Any CPU
		{4F40CA1F-2B5D-43A3-8F50-17DEA57A1D71}.Release|Any CPU.ActiveCfg = Release|Any CPU
		{4F40CA1F-2B5D-43A3-8F50-17DEA57A1D71}.Release|Any CPU.Build.0 = Release|Any CPU
		{9305F5F3-4C28-40EE-9632-73D97F473FAB}.Debug|Any CPU.ActiveCfg = Debug|Any CPU
		{9305F5F3-4C28-40EE-9632-73D97F473FAB}.Debug|Any CPU.Build.0 = Debug|Any CPU
		{9305F5F3-4C28-40EE-9632-73D97F473FAB}.Release|Any CPU.ActiveCfg = Release|Any CPU
		{9305F5F3-4C28-40EE-9632-73D97F473FAB}.Release|Any CPU.Build.0 = Release|Any CPU
		{4ECE0F56-A0B2-4A46-B2C6-219B2C94D756}.Debug|Any CPU.ActiveCfg = Debug|Any CPU
		{4ECE0F56-A0B2-4A46-B2C6-219B2C94D756}.Debug|Any CPU.Build.0 = Debug|Any CPU
		{4ECE0F56-A0B2-4A46-B2C6-219B2C94D756}.Release|Any CPU.ActiveCfg = Release|Any CPU
		{4ECE0F56-A0B2-4A46-B2C6-219B2C94D756}.Release|Any CPU.Build.0 = Release|Any CPU
		{FFD0DF92-DBA0-4697-8716-119775F47E8D}.Debug|Any CPU.ActiveCfg = Debug|Any CPU
		{FFD0DF92-DBA0-4697-8716-119775F47E8D}.Debug|Any CPU.Build.0 = Debug|Any CPU
		{FFD0DF92-DBA0-4697-8716-119775F47E8D}.Release|Any CPU.ActiveCfg = Release|Any CPU
		{FFD0DF92-DBA0-4697-8716-119775F47E8D}.Release|Any CPU.Build.0 = Release|Any CPU
		{CF49A879-0E17-451A-B1BB-D3314099A71E}.Debug|Any CPU.ActiveCfg = Debug|Any CPU
		{CF49A879-0E17-451A-B1BB-D3314099A71E}.Debug|Any CPU.Build.0 = Debug|Any CPU
		{CF49A879-0E17-451A-B1BB-D3314099A71E}.Release|Any CPU.ActiveCfg = Release|Any CPU
		{CF49A879-0E17-451A-B1BB-D3314099A71E}.Release|Any CPU.Build.0 = Release|Any CPU
	EndGlobalSection
	GlobalSection(SolutionProperties) = preSolution
		HideSolutionNode = FALSE
	EndGlobalSection
	GlobalSection(NestedProjects) = preSolution
		{CF49A879-0E17-451A-B1BB-D3314099A71E} = {181B39D3-828F-4A7B-A31A-5F13CFC1EE1B}
	EndGlobalSection
	GlobalSection(ExtensibilityGlobals) = postSolution
		SolutionGuid = {51D9BED7-68B7-4096-8EA1-95C104A6A3F1}
	EndGlobalSection
EndGlobal
