
Microsoft Visual Studio Solution File, Format Version 12.00
# Visual Studio Version 17
VisualStudioVersion = 17.2.32630.192
MinimumVisualStudioVersion = 10.0.40219.1
Project("{FAE04EC0-301F-11D3-BF4B-00C04F79EFBC}") = "LongestString", "LongestString\LongestString.csproj", "{0572143D-6051-48EA-8AF1-D03191002439}"
EndProject
Global
	GlobalSection(SolutionConfigurationPlatforms) = preSolution
		Debug|Any CPU = Debug|Any CPU
		Release|Any CPU = Release|Any CPU
	EndGlobalSection
	GlobalSection(ProjectConfigurationPlatforms) = postSolution
		{0572143D-6051-48EA-8AF1-D03191002439}.Debug|Any CPU.ActiveCfg = Debug|Any CPU
		{0572143D-6051-48EA-8AF1-D03191002439}.Debug|Any CPU.Build.0 = Debug|Any CPU
		{0572143D-6051-48EA-8AF1-D03191002439}.Release|Any CPU.ActiveCfg = Release|Any CPU
		{0572143D-6051-48EA-8AF1-D03191002439}.Release|Any CPU.Build.0 = Release|Any CPU
	EndGlobalSection
	GlobalSection(SolutionProperties) = preSolution
		HideSolutionNode = FALSE
	EndGlobalSection
	GlobalSection(ExtensibilityGlobals) = postSolution
		SolutionGuid = {0239E012-9BF4-4B8D-99C7-159470570180}
	EndGlobalSection
EndGlobal
