
Microsoft Visual Studio Solution File, Format Version 12.00
# Visual Studio Version 17
VisualStudioVersion = 17.2.32630.192
MinimumVisualStudioVersion = 10.0.40219.1
Project("{9A19103F-16F7-4668-BE54-9A1E7A4F7556}") = "WpfDemo", "WpfDemo\WpfDemo.csproj", "{5EB5F665-34F6-40DC-A554-34B722E64842}"
EndProject
Project("{9A19103F-16F7-4668-BE54-9A1E7A4F7556}") = "WpfListBox", "WpfListBox\WpfListBox.csproj", "{FD21AB16-6908-486F-96CA-AC4929D76749}"
EndProject
Project("{9A19103F-16F7-4668-BE54-9A1E7A4F7556}") = "WPFListBoxByMVVM", "WPFListBoxByMVVM\WPFListBoxByMVVM.csproj", "{06C6B523-E17F-4E9C-8A55-850442BA3A5D}"
EndProject
Project("{FAE04EC0-301F-11D3-BF4B-00C04F79EFBC}") = "WpfComboBox", "WpfComboBox\WpfComboBox.csproj", "{99273992-BCCD-43C5-AD20-F058B769B383}"
EndProject
Project("{FAE04EC0-301F-11D3-BF4B-00C04F79EFBC}") = "WpfComboBoxMVVM", "WpfComboBoxMVVM\WpfComboBoxMVVM.csproj", "{4F40CA1F-2B5D-43A3-8F50-17DEA57A1D71}"
EndProject
Global
	GlobalSection(SolutionConfigurationPlatforms) = preSolution
		Debug|Any CPU = Debug|Any CPU
		Release|Any CPU = Release|Any CPU
	EndGlobalSection
	GlobalSection(ProjectConfigurationPlatforms) = postSolution
		{5EB5F665-34F6-40DC-A554-34B722E64842}.Debug|Any CPU.ActiveCfg = Debug|Any CPU
		{5EB5F665-34F6-40DC-A554-34B722E64842}.Debug|Any CPU.Build.0 = Debug|Any CPU
		{5EB5F665-34F6-40DC-A554-34B722E64842}.Release|Any CPU.ActiveCfg = Release|Any CPU
		{5EB5F665-34F6-40DC-A554-34B722E64842}.Release|Any CPU.Build.0 = Release|Any CPU
		{FD21AB16-6908-486F-96CA-AC4929D76749}.Debug|Any CPU.ActiveCfg = Debug|Any CPU
		{FD21AB16-6908-486F-96CA-AC4929D76749}.Debug|Any CPU.Build.0 = Debug|Any CPU
		{FD21AB16-6908-486F-96CA-AC4929D76749}.Release|Any CPU.ActiveCfg = Release|Any CPU
		{FD21AB16-6908-486F-96CA-AC4929D76749}.Release|Any CPU.Build.0 = Release|Any CPU
		{06C6B523-E17F-4E9C-8A55-850442BA3A5D}.Debug|Any CPU.ActiveCfg = Debug|Any CPU
		{06C6B523-E17F-4E9C-8A55-850442BA3A5D}.Debug|Any CPU.Build.0 = Debug|Any CPU
		{06C6B523-E17F-4E9C-8A55-850442BA3A5D}.Release|Any CPU.ActiveCfg = Release|Any CPU
		{06C6B523-E17F-4E9C-8A55-850442BA3A5D}.Release|Any CPU.Build.0 = Release|Any CPU
		{99273992-BCCD-43C5-AD20-F058B769B383}.Debug|Any CPU.ActiveCfg = Debug|Any CPU
		{99273992-BCCD-43C5-AD20-F058B769B383}.Debug|Any CPU.Build.0 = Debug|Any CPU
		{99273992-BCCD-43C5-AD20-F058B769B383}.Release|Any CPU.ActiveCfg = Release|Any CPU
		{99273992-BCCD-43C5-AD20-F058B769B383}.Release|Any CPU.Build.0 = Release|Any CPU
		{4F40CA1F-2B5D-43A3-8F50-17DEA57A1D71}.Debug|Any CPU.ActiveCfg = Debug|Any CPU
		{4F40CA1F-2B5D-43A3-8F50-17DEA57A1D71}.Debug|Any CPU.Build.0 = Debug|Any CPU
		{4F40CA1F-2B5D-43A3-8F50-17DEA57A1D71}.Release|Any CPU.ActiveCfg = Release|Any CPU
		{4F40CA1F-2B5D-43A3-8F50-17DEA57A1D71}.Release|Any CPU.Build.0 = Release|Any CPU
	EndGlobalSection
	GlobalSection(SolutionProperties) = preSolution
		HideSolutionNode = FALSE
	EndGlobalSection
	GlobalSection(ExtensibilityGlobals) = postSolution
		SolutionGuid = {51D9BED7-68B7-4096-8EA1-95C104A6A3F1}
	EndGlobalSection
EndGlobal
